
Microsoft Visual Studio Solution File, Format Version 12.00
# Visual Studio Version 16
VisualStudioVersion = 16.0.29806.167
MinimumVisualStudioVersion = 10.0.40219.1
Project("{9A19103F-16F7-4668-BE54-9A1E7A4F7556}") = "FootballManager", "FootballManager\FootballManager.csproj", "{D35BA8AB-2FA3-4AF7-A355-877ABD8F2AEF}"
EndProject
Project("{9A19103F-16F7-4668-BE54-9A1E7A4F7556}") = "FootballManagerTests", "FootballManagerTests\FootballManagerTests.csproj", "{B280A756-3EA3-4E82-80FE-28D5088F5BEE}"
EndProject
Project("{9A19103F-16F7-4668-BE54-9A1E7A4F7556}") = "DoodleParser", "DoodleParser\DoodleParser.csproj", "{B039AFB8-9222-4FE2-BF7C-B1557C08FAF5}"
EndProject
Project("{9A19103F-16F7-4668-BE54-9A1E7A4F7556}") = "DoodleParserTests", "DoodleParserTests\DoodleParserTests.csproj", "{1483EE2F-20BD-4821-9F97-7AFBE26024C4}"
EndProject
Project("{2150E333-8FDC-42A3-9474-1A3956D46DE8}") = "Solution Items", "Solution Items", "{3A19F24B-D1EF-4B90-8F05-C90B62433DB1}"
	ProjectSection(SolutionItems) = preProject
		.editorconfig = .editorconfig
	EndProjectSection
EndProject
Global
	GlobalSection(SolutionConfigurationPlatforms) = preSolution
		Debug|Any CPU = Debug|Any CPU
		Release|Any CPU = Release|Any CPU
	EndGlobalSection
	GlobalSection(ProjectConfigurationPlatforms) = postSolution
		{D35BA8AB-2FA3-4AF7-A355-877ABD8F2AEF}.Debug|Any CPU.ActiveCfg = Debug|Any CPU
		{D35BA8AB-2FA3-4AF7-A355-877ABD8F2AEF}.Debug|Any CPU.Build.0 = Debug|Any CPU
		{D35BA8AB-2FA3-4AF7-A355-877ABD8F2AEF}.Release|Any CPU.ActiveCfg = Release|Any CPU
		{D35BA8AB-2FA3-4AF7-A355-877ABD8F2AEF}.Release|Any CPU.Build.0 = Release|Any CPU
		{B280A756-3EA3-4E82-80FE-28D5088F5BEE}.Debug|Any CPU.ActiveCfg = Debug|Any CPU
		{B280A756-3EA3-4E82-80FE-28D5088F5BEE}.Debug|Any CPU.Build.0 = Debug|Any CPU
		{B280A756-3EA3-4E82-80FE-28D5088F5BEE}.Release|Any CPU.ActiveCfg = Release|Any CPU
		{B280A756-3EA3-4E82-80FE-28D5088F5BEE}.Release|Any CPU.Build.0 = Release|Any CPU
		{B039AFB8-9222-4FE2-BF7C-B1557C08FAF5}.Debug|Any CPU.ActiveCfg = Debug|Any CPU
		{B039AFB8-9222-4FE2-BF7C-B1557C08FAF5}.Debug|Any CPU.Build.0 = Debug|Any CPU
		{B039AFB8-9222-4FE2-BF7C-B1557C08FAF5}.Release|Any CPU.ActiveCfg = Release|Any CPU
		{B039AFB8-9222-4FE2-BF7C-B1557C08FAF5}.Release|Any CPU.Build.0 = Release|Any CPU
		{1483EE2F-20BD-4821-9F97-7AFBE26024C4}.Debug|Any CPU.ActiveCfg = Debug|Any CPU
		{1483EE2F-20BD-4821-9F97-7AFBE26024C4}.Debug|Any CPU.Build.0 = Debug|Any CPU
		{1483EE2F-20BD-4821-9F97-7AFBE26024C4}.Release|Any CPU.ActiveCfg = Release|Any CPU
		{1483EE2F-20BD-4821-9F97-7AFBE26024C4}.Release|Any CPU.Build.0 = Release|Any CPU
	EndGlobalSection
	GlobalSection(SolutionProperties) = preSolution
		HideSolutionNode = FALSE
	EndGlobalSection
	GlobalSection(ExtensibilityGlobals) = postSolution
		SolutionGuid = {80FA9370-3903-4B08-BDC2-92D7FD612382}
	EndGlobalSection
EndGlobal
